
Microsoft Visual Studio Solution File, Format Version 12.00
# Visual Studio Version 17
VisualStudioVersion = 17.2.32526.322
MinimumVisualStudioVersion = 10.0.40219.1
Project("{FAE04EC0-301F-11D3-BF4B-00C04F79EFBC}") = "Subnet Caclulator 1.0", "Subnet Caclulator 1.0\Subnet Caclulator 1.0.csproj", "{7B3B2B29-6DA4-4A0C-B8F4-FDA0B6D11C3F}"
EndProject
Global
	GlobalSection(SolutionConfigurationPlatforms) = preSolution
		Debug|Any CPU = Debug|Any CPU
		Release|Any CPU = Release|Any CPU
	EndGlobalSection
	GlobalSection(ProjectConfigurationPlatforms) = postSolution
		{7B3B2B29-6DA4-4A0C-B8F4-FDA0B6D11C3F}.Debug|Any CPU.ActiveCfg = Debug|Any CPU
		{7B3B2B29-6DA4-4A0C-B8F4-FDA0B6D11C3F}.Debug|Any CPU.Build.0 = Debug|Any CPU
		{7B3B2B29-6DA4-4A0C-B8F4-FDA0B6D11C3F}.Release|Any CPU.ActiveCfg = Release|Any CPU
		{7B3B2B29-6DA4-4A0C-B8F4-FDA0B6D11C3F}.Release|Any CPU.Build.0 = Release|Any CPU
	EndGlobalSection
	GlobalSection(SolutionProperties) = preSolution
		HideSolutionNode = FALSE
	EndGlobalSection
	GlobalSection(ExtensibilityGlobals) = postSolution
		SolutionGuid = {4AFBEC0A-0C17-4AA7-B2C6-AD725183EAE5}
	EndGlobalSection
EndGlobal
